
Microsoft Visual Studio Solution File, Format Version 12.00
# Visual Studio Version 17
VisualStudioVersion = 17.3.32901.215
MinimumVisualStudioVersion = 10.0.40219.1
Project("{FAE04EC0-301F-11D3-BF4B-00C04F79EFBC}") = "Pr13.7", "Pr13.7\Pr13.7.csproj", "{0D24D0FD-A1FF-4B15-A50E-841604EE4A31}"
EndProject
Global
	GlobalSection(SolutionConfigurationPlatforms) = preSolution
		Debug|Any CPU = Debug|Any CPU
		Release|Any CPU = Release|Any CPU
	EndGlobalSection
	GlobalSection(ProjectConfigurationPlatforms) = postSolution
		{0D24D0FD-A1FF-4B15-A50E-841604EE4A31}.Debug|Any CPU.ActiveCfg = Debug|Any CPU
		{0D24D0FD-A1FF-4B15-A50E-841604EE4A31}.Debug|Any CPU.Build.0 = Debug|Any CPU
		{0D24D0FD-A1FF-4B15-A50E-841604EE4A31}.Release|Any CPU.ActiveCfg = Release|Any CPU
		{0D24D0FD-A1FF-4B15-A50E-841604EE4A31}.Release|Any CPU.Build.0 = Release|Any CPU
	EndGlobalSection
	GlobalSection(SolutionProperties) = preSolution
		HideSolutionNode = FALSE
	EndGlobalSection
	GlobalSection(ExtensibilityGlobals) = postSolution
		SolutionGuid = {0843CA08-EDCA-4883-A661-6FC7158B6509}
	EndGlobalSection
EndGlobal
